
Microsoft Visual Studio Solution File, Format Version 12.00
# Visual Studio 2013
VisualStudioVersion = 12.0.40629.0
MinimumVisualStudioVersion = 10.0.40219.1
Project("{F184B08F-C81C-45F6-A57F-5ABD9991F28F}") = "MyFormsLibrary", "MyFormsLibrary\MyFormsLibrary.vbproj", "{351B091E-FCE0-4147-812C-CEC11BB58B8A}"
EndProject
Project("{F184B08F-C81C-45F6-A57F-5ABD9991F28F}") = "MyControlsLibrary", "MyControlsLibrary\MyControlsLibrary.vbproj", "{51F7FE01-A10B-4FB3-8804-137E084B8646}"
EndProject
Project("{F184B08F-C81C-45F6-A57F-5ABD9991F28F}") = "MyManager", "MyManager\MyManager.vbproj", "{245337A0-76C0-47A7-91DF-8BAB4F54E6B9}"
EndProject
Project("{F184B08F-C81C-45F6-A57F-5ABD9991F28F}") = "MyWindowsApplication", "MyWindowsApplication\MyWindowsApplication.vbproj", "{9D83B670-28D4-4623-BFF1-70686731C05C}"
EndProject
Project("{2150E333-8FDC-42A3-9474-1A3956D46DE8}") = "VB", "VB", "{E424FBFC-1A52-4E7F-94FE-EACA162E6C67}"
EndProject
Project("{FAE04EC0-301F-11D3-BF4B-00C04F79EFBC}") = "MyManagerCSharp", "MyManagerCSharp\MyManagerCSharp.csproj", "{1CFB1797-36C1-4887-B980-747FCC81D6A1}"
EndProject
Project("{FAE04EC0-301F-11D3-BF4B-00C04F79EFBC}") = "MyControlsLibraryCSharp", "MyControlsLibraryCSharp\MyControlsLibraryCSharp.csproj", "{E794D8F4-4B23-48DB-8D30-13D3946E3592}"
EndProject
Project("{FAE04EC0-301F-11D3-BF4B-00C04F79EFBC}") = "MyFormsLibraryCSharp", "MyFormsLibraryCSharp\MyFormsLibraryCSharp.csproj", "{9CFC3B59-E173-4A4E-A5C8-3E4C27FB1D91}"
EndProject
Project("{FAE04EC0-301F-11D3-BF4B-00C04F79EFBC}") = "MyUsers", "MyUsers\MyUsers.csproj", "{DE537BC0-C7B3-4F38-9DE2-5757D6D3999E}"
EndProject
Project("{FAE04EC0-301F-11D3-BF4B-00C04F79EFBC}") = "UnitTestProjectCSharp", "UnitTestProjectCSharp\UnitTestProjectCSharp.csproj", "{DC2238F1-0CEE-4784-9688-D62C18586D7F}"
EndProject
Project("{FAE04EC0-301F-11D3-BF4B-00C04F79EFBC}") = "MyTwitter", "MyTwitter\MyTwitter.csproj", "{A0627D6E-2325-4302-B399-26340682DE26}"
EndProject
Project("{FAE04EC0-301F-11D3-BF4B-00C04F79EFBC}") = "MyOracle", "MyOracle\MyOracle.csproj", "{0765482F-48D1-4D60-97D2-345BA06393E6}"
EndProject
Project("{FAE04EC0-301F-11D3-BF4B-00C04F79EFBC}") = "MyTasks", "MyTasks\MyTasks.csproj", "{EE7B67D4-E414-4AA7-980A-5D1CEF97F28C}"
EndProject
Project("{FAE04EC0-301F-11D3-BF4B-00C04F79EFBC}") = "AngularWebApplication", "AngularWebApplication\AngularWebApplication.csproj", "{2EA15FEF-8168-4F86-9673-E647DF194327}"
EndProject
Global
	GlobalSection(SolutionConfigurationPlatforms) = preSolution
		Debug|Any CPU = Debug|Any CPU
		Debug|x64 = Debug|x64
		Debug|x86 = Debug|x86
		Release|Any CPU = Release|Any CPU
		Release|x64 = Release|x64
		Release|x86 = Release|x86
	EndGlobalSection
	GlobalSection(ProjectConfigurationPlatforms) = postSolution
		{351B091E-FCE0-4147-812C-CEC11BB58B8A}.Debug|Any CPU.ActiveCfg = Debug|Any CPU
		{351B091E-FCE0-4147-812C-CEC11BB58B8A}.Debug|Any CPU.Build.0 = Debug|Any CPU
		{351B091E-FCE0-4147-812C-CEC11BB58B8A}.Debug|x64.ActiveCfg = Debug|x64
		{351B091E-FCE0-4147-812C-CEC11BB58B8A}.Debug|x64.Build.0 = Debug|x64
		{351B091E-FCE0-4147-812C-CEC11BB58B8A}.Debug|x86.ActiveCfg = Debug|x86
		{351B091E-FCE0-4147-812C-CEC11BB58B8A}.Debug|x86.Build.0 = Debug|x86
		{351B091E-FCE0-4147-812C-CEC11BB58B8A}.Release|Any CPU.ActiveCfg = Release|Any CPU
		{351B091E-FCE0-4147-812C-CEC11BB58B8A}.Release|Any CPU.Build.0 = Release|Any CPU
		{351B091E-FCE0-4147-812C-CEC11BB58B8A}.Release|x64.ActiveCfg = Release|x64
		{351B091E-FCE0-4147-812C-CEC11BB58B8A}.Release|x64.Build.0 = Release|x64
		{351B091E-FCE0-4147-812C-CEC11BB58B8A}.Release|x86.ActiveCfg = Release|x86
		{351B091E-FCE0-4147-812C-CEC11BB58B8A}.Release|x86.Build.0 = Release|x86
		{51F7FE01-A10B-4FB3-8804-137E084B8646}.Debug|Any CPU.ActiveCfg = Debug|Any CPU
		{51F7FE01-A10B-4FB3-8804-137E084B8646}.Debug|Any CPU.Build.0 = Debug|Any CPU
		{51F7FE01-A10B-4FB3-8804-137E084B8646}.Debug|x64.ActiveCfg = Debug|x64
		{51F7FE01-A10B-4FB3-8804-137E084B8646}.Debug|x64.Build.0 = Debug|x64
		{51F7FE01-A10B-4FB3-8804-137E084B8646}.Debug|x64.Deploy.0 = Debug|x64
		{51F7FE01-A10B-4FB3-8804-137E084B8646}.Debug|x86.ActiveCfg = Debug|x86
		{51F7FE01-A10B-4FB3-8804-137E084B8646}.Debug|x86.Build.0 = Debug|x86
		{51F7FE01-A10B-4FB3-8804-137E084B8646}.Release|Any CPU.ActiveCfg = Release|Any CPU
		{51F7FE01-A10B-4FB3-8804-137E084B8646}.Release|Any CPU.Build.0 = Release|Any CPU
		{51F7FE01-A10B-4FB3-8804-137E084B8646}.Release|x64.ActiveCfg = Release|x64
		{51F7FE01-A10B-4FB3-8804-137E084B8646}.Release|x64.Build.0 = Release|x64
		{51F7FE01-A10B-4FB3-8804-137E084B8646}.Release|x86.ActiveCfg = Release|x86
		{51F7FE01-A10B-4FB3-8804-137E084B8646}.Release|x86.Build.0 = Release|x86
		{245337A0-76C0-47A7-91DF-8BAB4F54E6B9}.Debug|Any CPU.ActiveCfg = Debug|Any CPU
		{245337A0-76C0-47A7-91DF-8BAB4F54E6B9}.Debug|Any CPU.Build.0 = Debug|Any CPU
		{245337A0-76C0-47A7-91DF-8BAB4F54E6B9}.Debug|x64.ActiveCfg = Debug|x64
		{245337A0-76C0-47A7-91DF-8BAB4F54E6B9}.Debug|x64.Build.0 = Debug|x64
		{245337A0-76C0-47A7-91DF-8BAB4F54E6B9}.Debug|x86.ActiveCfg = Debug|x86
		{245337A0-76C0-47A7-91DF-8BAB4F54E6B9}.Debug|x86.Build.0 = Debug|x86
		{245337A0-76C0-47A7-91DF-8BAB4F54E6B9}.Release|Any CPU.ActiveCfg = Release|Any CPU
		{245337A0-76C0-47A7-91DF-8BAB4F54E6B9}.Release|Any CPU.Build.0 = Release|Any CPU
		{245337A0-76C0-47A7-91DF-8BAB4F54E6B9}.Release|x64.ActiveCfg = Release|x64
		{245337A0-76C0-47A7-91DF-8BAB4F54E6B9}.Release|x64.Build.0 = Release|x64
		{245337A0-76C0-47A7-91DF-8BAB4F54E6B9}.Release|x86.ActiveCfg = Release|x86
		{245337A0-76C0-47A7-91DF-8BAB4F54E6B9}.Release|x86.Build.0 = Release|x86
		{9D83B670-28D4-4623-BFF1-70686731C05C}.Debug|Any CPU.ActiveCfg = Debug|Any CPU
		{9D83B670-28D4-4623-BFF1-70686731C05C}.Debug|Any CPU.Build.0 = Debug|Any CPU
		{9D83B670-28D4-4623-BFF1-70686731C05C}.Debug|x64.ActiveCfg = Debug|x64
		{9D83B670-28D4-4623-BFF1-70686731C05C}.Debug|x64.Build.0 = Debug|x64
		{9D83B670-28D4-4623-BFF1-70686731C05C}.Debug|x86.ActiveCfg = Debug|Any CPU
		{9D83B670-28D4-4623-BFF1-70686731C05C}.Release|Any CPU.ActiveCfg = Release|Any CPU
		{9D83B670-28D4-4623-BFF1-70686731C05C}.Release|Any CPU.Build.0 = Release|Any CPU
		{9D83B670-28D4-4623-BFF1-70686731C05C}.Release|x64.ActiveCfg = Release|x64
		{9D83B670-28D4-4623-BFF1-70686731C05C}.Release|x64.Build.0 = Release|x64
		{9D83B670-28D4-4623-BFF1-70686731C05C}.Release|x86.ActiveCfg = Release|Any CPU
		{1CFB1797-36C1-4887-B980-747FCC81D6A1}.Debug|Any CPU.ActiveCfg = Debug|Any CPU
		{1CFB1797-36C1-4887-B980-747FCC81D6A1}.Debug|Any CPU.Build.0 = Debug|Any CPU
		{1CFB1797-36C1-4887-B980-747FCC81D6A1}.Debug|x64.ActiveCfg = Debug|x64
		{1CFB1797-36C1-4887-B980-747FCC81D6A1}.Debug|x64.Build.0 = Debug|x64
		{1CFB1797-36C1-4887-B980-747FCC81D6A1}.Debug|x86.ActiveCfg = Debug|x86
		{1CFB1797-36C1-4887-B980-747FCC81D6A1}.Debug|x86.Build.0 = Debug|x86
		{1CFB1797-36C1-4887-B980-747FCC81D6A1}.Release|Any CPU.ActiveCfg = Release|Any CPU
		{1CFB1797-36C1-4887-B980-747FCC81D6A1}.Release|Any CPU.Build.0 = Release|Any CPU
		{1CFB1797-36C1-4887-B980-747FCC81D6A1}.Release|x64.ActiveCfg = Release|x64
		{1CFB1797-36C1-4887-B980-747FCC81D6A1}.Release|x64.Build.0 = Release|x64
		{1CFB1797-36C1-4887-B980-747FCC81D6A1}.Release|x86.ActiveCfg = Release|x86
		{1CFB1797-36C1-4887-B980-747FCC81D6A1}.Release|x86.Build.0 = Release|x86
		{E794D8F4-4B23-48DB-8D30-13D3946E3592}.Debug|Any CPU.ActiveCfg = Debug|Any CPU
		{E794D8F4-4B23-48DB-8D30-13D3946E3592}.Debug|Any CPU.Build.0 = Debug|Any CPU
		{E794D8F4-4B23-48DB-8D30-13D3946E3592}.Debug|x64.ActiveCfg = Debug|x64
		{E794D8F4-4B23-48DB-8D30-13D3946E3592}.Debug|x64.Build.0 = Debug|x64
		{E794D8F4-4B23-48DB-8D30-13D3946E3592}.Debug|x86.ActiveCfg = Debug|x86
		{E794D8F4-4B23-48DB-8D30-13D3946E3592}.Debug|x86.Build.0 = Debug|x86
		{E794D8F4-4B23-48DB-8D30-13D3946E3592}.Release|Any CPU.ActiveCfg = Release|Any CPU
		{E794D8F4-4B23-48DB-8D30-13D3946E3592}.Release|Any CPU.Build.0 = Release|Any CPU
		{E794D8F4-4B23-48DB-8D30-13D3946E3592}.Release|x64.ActiveCfg = Release|x64
		{E794D8F4-4B23-48DB-8D30-13D3946E3592}.Release|x64.Build.0 = Release|x64
		{E794D8F4-4B23-48DB-8D30-13D3946E3592}.Release|x86.ActiveCfg = Release|x86
		{E794D8F4-4B23-48DB-8D30-13D3946E3592}.Release|x86.Build.0 = Release|x86
		{9CFC3B59-E173-4A4E-A5C8-3E4C27FB1D91}.Debug|Any CPU.ActiveCfg = Debug|Any CPU
		{9CFC3B59-E173-4A4E-A5C8-3E4C27FB1D91}.Debug|Any CPU.Build.0 = Debug|Any CPU
		{9CFC3B59-E173-4A4E-A5C8-3E4C27FB1D91}.Debug|x64.ActiveCfg = Debug|x64
		{9CFC3B59-E173-4A4E-A5C8-3E4C27FB1D91}.Debug|x64.Build.0 = Debug|x64
		{9CFC3B59-E173-4A4E-A5C8-3E4C27FB1D91}.Debug|x86.ActiveCfg = Debug|x86
		{9CFC3B59-E173-4A4E-A5C8-3E4C27FB1D91}.Debug|x86.Build.0 = Debug|x86
		{9CFC3B59-E173-4A4E-A5C8-3E4C27FB1D91}.Release|Any CPU.ActiveCfg = Release|Any CPU
		{9CFC3B59-E173-4A4E-A5C8-3E4C27FB1D91}.Release|Any CPU.Build.0 = Release|Any CPU
		{9CFC3B59-E173-4A4E-A5C8-3E4C27FB1D91}.Release|x64.ActiveCfg = Release|x64
		{9CFC3B59-E173-4A4E-A5C8-3E4C27FB1D91}.Release|x64.Build.0 = Release|x64
		{9CFC3B59-E173-4A4E-A5C8-3E4C27FB1D91}.Release|x86.ActiveCfg = Release|x86
		{9CFC3B59-E173-4A4E-A5C8-3E4C27FB1D91}.Release|x86.Build.0 = Release|x86
		{DE537BC0-C7B3-4F38-9DE2-5757D6D3999E}.Debug|Any CPU.ActiveCfg = Debug|Any CPU
		{DE537BC0-C7B3-4F38-9DE2-5757D6D3999E}.Debug|Any CPU.Build.0 = Debug|Any CPU
		{DE537BC0-C7B3-4F38-9DE2-5757D6D3999E}.Debug|x64.ActiveCfg = Debug|x64
		{DE537BC0-C7B3-4F38-9DE2-5757D6D3999E}.Debug|x64.Build.0 = Debug|x64
		{DE537BC0-C7B3-4F38-9DE2-5757D6D3999E}.Debug|x86.ActiveCfg = Debug|Any CPU
		{DE537BC0-C7B3-4F38-9DE2-5757D6D3999E}.Release|Any CPU.ActiveCfg = Release|Any CPU
		{DE537BC0-C7B3-4F38-9DE2-5757D6D3999E}.Release|Any CPU.Build.0 = Release|Any CPU
		{DE537BC0-C7B3-4F38-9DE2-5757D6D3999E}.Release|x64.ActiveCfg = Release|x64
		{DE537BC0-C7B3-4F38-9DE2-5757D6D3999E}.Release|x64.Build.0 = Release|x64
		{DE537BC0-C7B3-4F38-9DE2-5757D6D3999E}.Release|x86.ActiveCfg = Release|Any CPU
		{DC2238F1-0CEE-4784-9688-D62C18586D7F}.Debug|Any CPU.ActiveCfg = Debug|Any CPU
		{DC2238F1-0CEE-4784-9688-D62C18586D7F}.Debug|Any CPU.Build.0 = Debug|Any CPU
		{DC2238F1-0CEE-4784-9688-D62C18586D7F}.Debug|x64.ActiveCfg = Debug|x64
		{DC2238F1-0CEE-4784-9688-D62C18586D7F}.Debug|x64.Build.0 = Debug|x64
		{DC2238F1-0CEE-4784-9688-D62C18586D7F}.Debug|x86.ActiveCfg = Debug|Any CPU
		{DC2238F1-0CEE-4784-9688-D62C18586D7F}.Release|Any CPU.ActiveCfg = Release|Any CPU
		{DC2238F1-0CEE-4784-9688-D62C18586D7F}.Release|Any CPU.Build.0 = Release|Any CPU
		{DC2238F1-0CEE-4784-9688-D62C18586D7F}.Release|x64.ActiveCfg = Release|x64
		{DC2238F1-0CEE-4784-9688-D62C18586D7F}.Release|x64.Build.0 = Release|x64
		{DC2238F1-0CEE-4784-9688-D62C18586D7F}.Release|x86.ActiveCfg = Release|Any CPU
		{A0627D6E-2325-4302-B399-26340682DE26}.Debug|Any CPU.ActiveCfg = Debug|Any CPU
		{A0627D6E-2325-4302-B399-26340682DE26}.Debug|Any CPU.Build.0 = Debug|Any CPU
		{A0627D6E-2325-4302-B399-26340682DE26}.Debug|x64.ActiveCfg = Debug|x64
		{A0627D6E-2325-4302-B399-26340682DE26}.Debug|x64.Build.0 = Debug|x64
		{A0627D6E-2325-4302-B399-26340682DE26}.Debug|x86.ActiveCfg = Debug|Any CPU
		{A0627D6E-2325-4302-B399-26340682DE26}.Release|Any CPU.ActiveCfg = Release|Any CPU
		{A0627D6E-2325-4302-B399-26340682DE26}.Release|Any CPU.Build.0 = Release|Any CPU
		{A0627D6E-2325-4302-B399-26340682DE26}.Release|x64.ActiveCfg = Release|x64
		{A0627D6E-2325-4302-B399-26340682DE26}.Release|x64.Build.0 = Release|x64
		{A0627D6E-2325-4302-B399-26340682DE26}.Release|x86.ActiveCfg = Release|Any CPU
		{0765482F-48D1-4D60-97D2-345BA06393E6}.Debug|Any CPU.ActiveCfg = Debug|Any CPU
		{0765482F-48D1-4D60-97D2-345BA06393E6}.Debug|Any CPU.Build.0 = Debug|Any CPU
		{0765482F-48D1-4D60-97D2-345BA06393E6}.Debug|x64.ActiveCfg = Debug|x64
		{0765482F-48D1-4D60-97D2-345BA06393E6}.Debug|x64.Build.0 = Debug|x64
		{0765482F-48D1-4D60-97D2-345BA06393E6}.Debug|x86.ActiveCfg = Debug|Any CPU
		{0765482F-48D1-4D60-97D2-345BA06393E6}.Release|Any CPU.ActiveCfg = Release|Any CPU
		{0765482F-48D1-4D60-97D2-345BA06393E6}.Release|Any CPU.Build.0 = Release|Any CPU
		{0765482F-48D1-4D60-97D2-345BA06393E6}.Release|x64.ActiveCfg = Release|x64
		{0765482F-48D1-4D60-97D2-345BA06393E6}.Release|x64.Build.0 = Release|x64
		{0765482F-48D1-4D60-97D2-345BA06393E6}.Release|x86.ActiveCfg = Release|Any CPU
		{EE7B67D4-E414-4AA7-980A-5D1CEF97F28C}.Debug|Any CPU.ActiveCfg = Debug|Any CPU
		{EE7B67D4-E414-4AA7-980A-5D1CEF97F28C}.Debug|Any CPU.Build.0 = Debug|Any CPU
		{EE7B67D4-E414-4AA7-980A-5D1CEF97F28C}.Debug|x64.ActiveCfg = Debug|x64
		{EE7B67D4-E414-4AA7-980A-5D1CEF97F28C}.Debug|x64.Build.0 = Debug|x64
		{EE7B67D4-E414-4AA7-980A-5D1CEF97F28C}.Debug|x86.ActiveCfg = Debug|Any CPU
		{EE7B67D4-E414-4AA7-980A-5D1CEF97F28C}.Release|Any CPU.ActiveCfg = Release|Any CPU
		{EE7B67D4-E414-4AA7-980A-5D1CEF97F28C}.Release|Any CPU.Build.0 = Release|Any CPU
		{EE7B67D4-E414-4AA7-980A-5D1CEF97F28C}.Release|x64.ActiveCfg = Release|x64
		{EE7B67D4-E414-4AA7-980A-5D1CEF97F28C}.Release|x64.Build.0 = Release|x64
		{EE7B67D4-E414-4AA7-980A-5D1CEF97F28C}.Release|x86.ActiveCfg = Release|Any CPU
		{2EA15FEF-8168-4F86-9673-E647DF194327}.Debug|Any CPU.ActiveCfg = Debug|Any CPU
		{2EA15FEF-8168-4F86-9673-E647DF194327}.Debug|Any CPU.Build.0 = Debug|Any CPU
		{2EA15FEF-8168-4F86-9673-E647DF194327}.Debug|x64.ActiveCfg = Debug|Any CPU
		{2EA15FEF-8168-4F86-9673-E647DF194327}.Debug|x86.ActiveCfg = Debug|Any CPU
		{2EA15FEF-8168-4F86-9673-E647DF194327}.Release|Any CPU.ActiveCfg = Release|Any CPU
		{2EA15FEF-8168-4F86-9673-E647DF194327}.Release|Any CPU.Build.0 = Release|Any CPU
		{2EA15FEF-8168-4F86-9673-E647DF194327}.Release|x64.ActiveCfg = Release|Any CPU
		{2EA15FEF-8168-4F86-9673-E647DF194327}.Release|x86.ActiveCfg = Release|Any CPU
	EndGlobalSection
	GlobalSection(SolutionProperties) = preSolution
		HideSolutionNode = FALSE
	EndGlobalSection
	GlobalSection(NestedProjects) = preSolution
		{351B091E-FCE0-4147-812C-CEC11BB58B8A} = {E424FBFC-1A52-4E7F-94FE-EACA162E6C67}
		{51F7FE01-A10B-4FB3-8804-137E084B8646} = {E424FBFC-1A52-4E7F-94FE-EACA162E6C67}
		{245337A0-76C0-47A7-91DF-8BAB4F54E6B9} = {E424FBFC-1A52-4E7F-94FE-EACA162E6C67}
		{9D83B670-28D4-4623-BFF1-70686731C05C} = {E424FBFC-1A52-4E7F-94FE-EACA162E6C67}
	EndGlobalSection
EndGlobal
